// !$*UTF8*$!
{
	archiveVersion = 1;
	classes = {
	};
	objectVersion = 50;
	objects = {

/* Begin PBXBuildFile section */
		4B5C57E025D6E0D5002DA507 /* AppDelegate.swift in Sources */ = {isa = PBXBuildFile; fileRef = 4B5C57DF25D6E0D5002DA507 /* AppDelegate.swift */; };
		4B5C57E225D6E0D5002DA507 /* SceneDelegate.swift in Sources */ = {isa = PBXBuildFile; fileRef = 4B5C57E125D6E0D5002DA507 /* SceneDelegate.swift */; };
		4B5C57E425D6E0D5002DA507 /* ViewController.swift in Sources */ = {isa = PBXBuildFile; fileRef = 4B5C57E325D6E0D5002DA507 /* ViewController.swift */; };
		4B5C57E725D6E0D5002DA507 /* Main.storyboard in Resources */ = {isa = PBXBuildFile; fileRef = 4B5C57E525D6E0D5002DA507 /* Main.storyboard */; };
		4B5C57E925D6E0D6002DA507 /* Assets.xcassets in Resources */ = {isa = PBXBuildFile; fileRef = 4B5C57E825D6E0D6002DA507 /* Assets.xcassets */; };
		4B5C57EC25D6E0D6002DA507 /* LaunchScreen.storyboard in Resources */ = {isa = PBXBuildFile; fileRef = 4B5C57EA25D6E0D6002DA507 /* LaunchScreen.storyboard */; };
		4B5C57F825D6E121002DA507 /* CustomView.swift in Sources */ = {isa = PBXBuildFile; fileRef = 4B5C57F625D6E121002DA507 /* CustomView.swift */; };
		4B5C57F925D6E121002DA507 /* CustomButton.swift in Sources */ = {isa = PBXBuildFile; fileRef = 4B5C57F725D6E121002DA507 /* CustomButton.swift */; };
/* End PBXBuildFile section */

/* Begin PBXFileReference section */
		4B5C57DC25D6E0D5002DA507 /* GPSLocation.app */ = {isa = PBXFileReference; explicitFileType = wrapper.application; includeInIndex = 0; path = GPSLocation.app; sourceTree = BUILT_PRODUCTS_DIR; };
		4B5C57DF25D6E0D5002DA507 /* AppDelegate.swift */ = {isa = PBXFileReference; lastKnownFileType = sourcecode.swift; path = AppDelegate.swift; sourceTree = "<group>"; };
		4B5C57E125D6E0D5002DA507 /* SceneDelegate.swift */ = {isa = PBXFileReference; lastKnownFileType = sourcecode.swift; path = SceneDelegate.swift; sourceTree = "<group>"; };
		4B5C57E325D6E0D5002DA507 /* ViewController.swift */ = {isa = PBXFileReference; lastKnownFileType = sourcecode.swift; path = ViewController.swift; sourceTree = "<group>"; };
		4B5C57E625D6E0D5002DA507 /* Base */ = {isa = PBXFileReference; lastKnownFileType = file.storyboard; name = Base; path = Base.lproj/Main.storyboard; sourceTree = "<group>"; };
		4B5C57E825D6E0D6002DA507 /* Assets.xcassets */ = {isa = PBXFileReference; lastKnownFileType = folder.assetcatalog; path = Assets.xcassets; sourceTree = "<group>"; };
		4B5C57EB25D6E0D6002DA507 /* Base */ = {isa = PBXFileReference; lastKnownFileType = file.storyboard; name = Base; path = Base.lproj/LaunchScreen.storyboard; sourceTree = "<group>"; };
		4B5C57ED25D6E0D6002DA507 /* Info.plist */ = {isa = PBXFileReference; lastKnownFileType = text.plist.xml; path = Info.plist; sourceTree = "<group>"; };
		4B5C57F625D6E121002DA507 /* CustomView.swift */ = {isa = PBXFileReference; fileEncoding = 4; lastKnownFileType = sourcecode.swift; path = CustomView.swift; sourceTree = "<group>"; };
		4B5C57F725D6E121002DA507 /* CustomButton.swift */ = {isa = PBXFileReference; fileEncoding = 4; lastKnownFileType = sourcecode.swift; path = CustomButton.swift; sourceTree = "<group>"; };
		4B82FE3225DC286200C823B0 /* GPSLocation.entitlements */ = {isa = PBXFileReference; lastKnownFileType = text.plist.entitlements; path = GPSLocation.entitlements; sourceTree = "<group>"; };
/* End PBXFileReference section */

/* Begin PBXFrameworksBuildPhase section */
		4B5C57D925D6E0D5002DA507 /* Frameworks */ = {
			isa = PBXFrameworksBuildPhase;
			buildActionMask = 2147483647;
			files = (
			);
			runOnlyForDeploymentPostprocessing = 0;
		};
/* End PBXFrameworksBuildPhase section */

/* Begin PBXGroup section */
		4B33F26A25DD7CB70024A40C /* Controller */ = {
			isa = PBXGroup;
			children = (
				4B5C57E325D6E0D5002DA507 /* ViewController.swift */,
			);
			path = Controller;
			sourceTree = "<group>";
		};
		4B5C57D325D6E0D5002DA507 = {
			isa = PBXGroup;
			children = (
				4B5C57DE25D6E0D5002DA507 /* GPSLocation */,
				4B5C57DD25D6E0D5002DA507 /* Products */,
			);
			sourceTree = "<group>";
		};
		4B5C57DD25D6E0D5002DA507 /* Products */ = {
			isa = PBXGroup;
			children = (
				4B5C57DC25D6E0D5002DA507 /* GPSLocation.app */,
			);
			name = Products;
			sourceTree = "<group>";
		};
		4B5C57DE25D6E0D5002DA507 /* GPSLocation */ = {
			isa = PBXGroup;
			children = (
				4B82FE3225DC286200C823B0 /* GPSLocation.entitlements */,
				4B5C57F525D6E10F002DA507 /* View */,
				4B33F26A25DD7CB70024A40C /* Controller */,
				4B5C57E125D6E0D5002DA507 /* SceneDelegate.swift */,
				4B5C57DF25D6E0D5002DA507 /* AppDelegate.swift */,
				4B5C57E525D6E0D5002DA507 /* Main.storyboard */,
				4B5C57E825D6E0D6002DA507 /* Assets.xcassets */,
				4B5C57EA25D6E0D6002DA507 /* LaunchScreen.storyboard */,
				4B5C57ED25D6E0D6002DA507 /* Info.plist */,
			);
			path = GPSLocation;
			sourceTree = "<group>";
		};
		4B5C57F525D6E10F002DA507 /* View */ = {
			isa = PBXGroup;
			children = (
				4B5C57F725D6E121002DA507 /* CustomButton.swift */,
				4B5C57F625D6E121002DA507 /* CustomView.swift */,
			);
			path = View;
			sourceTree = "<group>";
		};
/* End PBXGroup section */

/* Begin PBXNativeTarget section */
		4B5C57DB25D6E0D5002DA507 /* GPSLocation */ = {
			isa = PBXNativeTarget;
			buildConfigurationList = 4B5C57F025D6E0D6002DA507 /* Build configuration list for PBXNativeTarget "GPSLocation" */;
			buildPhases = (
				4B5C57D825D6E0D5002DA507 /* Sources */,
				4B5C57D925D6E0D5002DA507 /* Frameworks */,
				4B5C57DA25D6E0D5002DA507 /* Resources */,
			);
			buildRules = (
			);
			dependencies = (
			);
			name = GPSLocation;
			productName = GPSLocation;
			productReference = 4B5C57DC25D6E0D5002DA507 /* GPSLocation.app */;
			productType = "com.apple.product-type.application";
		};
/* End PBXNativeTarget section */

/* Begin PBXProject section */
		4B5C57D425D6E0D5002DA507 /* Project object */ = {
			isa = PBXProject;
			attributes = {
				LastSwiftUpdateCheck = 1240;
				LastUpgradeCheck = 1240;
				TargetAttributes = {
					4B5C57DB25D6E0D5002DA507 = {
						CreatedOnToolsVersion = 12.4;
					};
				};
			};
			buildConfigurationList = 4B5C57D725D6E0D5002DA507 /* Build configuration list for PBXProject "GPSLocation" */;
			compatibilityVersion = "Xcode 9.3";
			developmentRegion = en;
			hasScannedForEncodings = 0;
			knownRegions = (
				en,
				Base,
			);
			mainGroup = 4B5C57D325D6E0D5002DA507;
			productRefGroup = 4B5C57DD25D6E0D5002DA507 /* Products */;
			projectDirPath = "";
			projectRoot = "";
			targets = (
				4B5C57DB25D6E0D5002DA507 /* GPSLocation */,
			);
		};
/* End PBXProject section */

/* Begin PBXResourcesBuildPhase section */
		4B5C57DA25D6E0D5002DA507 /* Resources */ = {
			isa = PBXResourcesBuildPhase;
			buildActionMask = 2147483647;
			files = (
				4B5C57EC25D6E0D6002DA507 /* LaunchScreen.storyboard in Resources */,
				4B5C57E925D6E0D6002DA507 /* Assets.xcassets in Resources */,
				4B5C57E725D6E0D5002DA507 /* Main.storyboard in Resources */,
			);
			runOnlyForDeploymentPostprocessing = 0;
		};
/* End PBXResourcesBuildPhase section */

/* Begin PBXSourcesBuildPhase section */
		4B5C57D825D6E0D5002DA507 /* Sources */ = {
			isa = PBXSourcesBuildPhase;
			buildActionMask = 2147483647;
			files = (
				4B5C57E425D6E0D5002DA507 /* ViewController.swift in Sources */,
				4B5C57F825D6E121002DA507 /* CustomView.swift in Sources */,
				4B5C57E025D6E0D5002DA507 /* AppDelegate.swift in Sources */,
				4B5C57E225D6E0D5002DA507 /* SceneDelegate.swift in Sources */,
				4B5C57F925D6E121002DA507 /* CustomButton.swift in Sources */,
			);
			runOnlyForDeploymentPostprocessing = 0;
		};
/* End PBXSourcesBuildPhase section */

/* Begin PBXVariantGroup section */
		4B5C57E525D6E0D5002DA507 /* Main.storyboard */ = {
			isa = PBXVariantGroup;
			children = (
				4B5C57E625D6E0D5002DA507 /* Base */,
			);
			name = Main.storyboard;
			sourceTree = "<group>";
		};
		4B5C57EA25D6E0D6002DA507 /* LaunchScreen.storyboard */ = {
			isa = PBXVariantGroup;
			children = (
				4B5C57EB25D6E0D6002DA507 /* Base */,
			);
			name = LaunchScreen.storyboard;
			sourceTree = "<group>";
		};
/* End PBXVariantGroup section */

/* Begin XCBuildConfiguration section */
		4B5C57EE25D6E0D6002DA507 /* Debug */ = {
			isa = XCBuildConfiguration;
			buildSettings = {
				ALWAYS_SEARCH_USER_PATHS = NO;
				CLANG_ANALYZER_NONNULL = YES;
				CLANG_ANALYZER_NUMBER_OBJECT_CONVERSION = YES_AGGRESSIVE;
				CLANG_CXX_LANGUAGE_STANDARD = "gnu++14";
				CLANG_CXX_LIBRARY = "libc++";
				CLANG_ENABLE_MODULES = YES;
				CLANG_ENABLE_OBJC_ARC = YES;
				CLANG_ENABLE_OBJC_WEAK = YES;
				CLANG_WARN_BLOCK_CAPTURE_AUTORELEASING = YES;
				CLANG_WARN_BOOL_CONVERSION = YES;
				CLANG_WARN_COMMA = YES;
				CLANG_WARN_CONSTANT_CONVERSION = YES;
				CLANG_WARN_DEPRECATED_OBJC_IMPLEMENTATIONS = YES;
				CLANG_WARN_DIRECT_OBJC_ISA_USAGE = YES_ERROR;
				CLANG_WARN_DOCUMENTATION_COMMENTS = YES;
				CLANG_WARN_EMPTY_BODY = YES;
				CLANG_WARN_ENUM_CONVERSION = YES;
				CLANG_WARN_INFINITE_RECURSION = YES;
				CLANG_WARN_INT_CONVERSION = YES;
				CLANG_WARN_NON_LITERAL_NULL_CONVERSION = YES;
				CLANG_WARN_OBJC_IMPLICIT_RETAIN_SELF = YES;
				CLANG_WARN_OBJC_LITERAL_CONVERSION = YES;
				CLANG_WARN_OBJC_ROOT_CLASS = YES_ERROR;
				CLANG_WARN_QUOTED_INCLUDE_IN_FRAMEWORK_HEADER = YES;
				CLANG_WARN_RANGE_LOOP_ANALYSIS = YES;
				CLANG_WARN_STRICT_PROTOTYPES = YES;
				CLANG_WARN_SUSPICIOUS_MOVE = YES;
				CLANG_WARN_UNGUARDED_AVAILABILITY = YES_AGGRESSIVE;
				CLANG_WARN_UNREACHABLE_CODE = YES;
				CLANG_WARN__DUPLICATE_METHOD_MATCH = YES;
				COPY_PHASE_STRIP = NO;
				DEBUG_INFORMATION_FORMAT = dwarf;
				ENABLE_STRICT_OBJC_MSGSEND = YES;
				ENABLE_TESTABILITY = YES;
				GCC_C_LANGUAGE_STANDARD = gnu11;
				GCC_DYNAMIC_NO_PIC = NO;
				GCC_NO_COMMON_BLOCKS = YES;
				GCC_OPTIMIZATION_LEVEL = 0;
				GCC_PREPROCESSOR_DEFINITIONS = (
					"DEBUG=1",
					"$(inherited)",
				);
				GCC_WARN_64_TO_32_BIT_CONVERSION = YES;
				GCC_WARN_ABOUT_RETURN_TYPE = YES_ERROR;
				GCC_WARN_UNDECLARED_SELECTOR = YES;
				GCC_WARN_UNINITIALIZED_AUTOS = YES_AGGRESSIVE;
				GCC_WARN_UNUSED_FUNCTION = YES;
				GCC_WARN_UNUSED_VARIABLE = YES;
				IPHONEOS_DEPLOYMENT_TARGET = 14.0;
				MTL_ENABLE_DEBUG_INFO = INCLUDE_SOURCE;
				MTL_FAST_MATH = YES;
				ONLY_ACTIVE_ARCH = YES;
				SDKROOT = iphoneos;
				SWIFT_ACTIVE_COMPILATION_CONDITIONS = DEBUG;
				SWIFT_OPTIMIZATION_LEVEL = "-Onone";
			};
			name = Debug;
		};
		4B5C57EF25D6E0D6002DA507 /* Release */ = {
			isa = XCBuildConfiguration;
			buildSettings = {
				ALWAYS_SEARCH_USER_PATHS = NO;
				CLANG_ANALYZER_NONNULL = YES;
				CLANG_ANALYZER_NUMBER_OBJECT_CONVERSION = YES_AGGRESSIVE;
				CLANG_CXX_LANGUAGE_STANDARD = "gnu++14";
				CLANG_CXX_LIBRARY = "libc++";
				CLANG_ENABLE_MODULES = YES;
				CLANG_ENABLE_OBJC_ARC = YES;
				CLANG_ENABLE_OBJC_WEAK = YES;
				CLANG_WARN_BLOCK_CAPTURE_AUTORELEASING = YES;
				CLANG_WARN_BOOL_CONVERSION = YES;
				CLANG_WARN_COMMA = YES;
				CLANG_WARN_CONSTANT_CONVERSION = YES;
				CLANG_WARN_DEPRECATED_OBJC_IMPLEMENTATIONS = YES;
				CLANG_WARN_DIRECT_OBJC_ISA_USAGE = YES_ERROR;
				CLANG_WARN_DOCUMENTATION_COMMENTS = YES;
				CLANG_WARN_EMPTY_BODY = YES;
				CLANG_WARN_ENUM_CONVERSION = YES;
				CLANG_WARN_INFINITE_RECURSION = YES;
				CLANG_WARN_INT_CONVERSION = YES;
				CLANG_WARN_NON_LITERAL_NULL_CONVERSION = YES;
				CLANG_WARN_OBJC_IMPLICIT_RETAIN_SELF = YES;
				CLANG_WARN_OBJC_LITERAL_CONVERSION = YES;
				CLANG_WARN_OBJC_ROOT_CLASS = YES_ERROR;
				CLANG_WARN_QUOTED_INCLUDE_IN_FRAMEWORK_HEADER = YES;
				CLANG_WARN_RANGE_LOOP_ANALYSIS = YES;
				CLANG_WARN_STRICT_PROTOTYPES = YES;
				CLANG_WARN_SUSPICIOUS_MOVE = YES;
				CLANG_WARN_UNGUARDED_AVAILABILITY = YES_AGGRESSIVE;
				CLANG_WARN_UNREACHABLE_CODE = YES;
				CLANG_WARN__DUPLICATE_METHOD_MATCH = YES;
				COPY_PHASE_STRIP = NO;
				DEBUG_INFORMATION_FORMAT = "dwarf-with-dsym";
				ENABLE_NS_ASSERTIONS = NO;
				ENABLE_STRICT_OBJC_MSGSEND = YES;
				GCC_C_LANGUAGE_STANDARD = gnu11;
				GCC_NO_COMMON_BLOCKS = YES;
				GCC_WARN_64_TO_32_BIT_CONVERSION = YES;
				GCC_WARN_ABOUT_RETURN_TYPE = YES_ERROR;
				GCC_WARN_UNDECLARED_SELECTOR = YES;
				GCC_WARN_UNINITIALIZED_AUTOS = YES_AGGRESSIVE;
				GCC_WARN_UNUSED_FUNCTION = YES;
				GCC_WARN_UNUSED_VARIABLE = YES;
				IPHONEOS_DEPLOYMENT_TARGET = 14.0;
				MTL_ENABLE_DEBUG_INFO = NO;
				MTL_FAST_MATH = YES;
				SDKROOT = iphoneos;
				SWIFT_COMPILATION_MODE = wholemodule;
				SWIFT_OPTIMIZATION_LEVEL = "-O";
				VALIDATE_PRODUCT = YES;
			};
			name = Release;
		};
		4B5C57F125D6E0D6002DA507 /* Debug */ = {
			isa = XCBuildConfiguration;
			buildSettings = {
				ASSETCATALOG_COMPILER_APPICON_NAME = AppIcon;
				ASSETCATALOG_COMPILER_GLOBAL_ACCENT_COLOR_NAME = AccentColor;
				CODE_SIGN_ENTITLEMENTS = GPSLocation/GPSLocation.entitlements;
				CODE_SIGN_STYLE = Automatic;
				DEVELOPMENT_TEAM = LX6HN92HPR;
				INFOPLIST_FILE = GPSLocation/Info.plist;
				IPHONEOS_DEPLOYMENT_TARGET = 14.1;
				LD_RUNPATH_SEARCH_PATHS = (
					"$(inherited)",
					"@executable_path/Frameworks",
				);
				PRODUCT_BUNDLE_IDENTIFIER = com.kous92.GPSLocation;
				PRODUCT_NAME = "$(TARGET_NAME)";
				SWIFT_VERSION = 5.0;
				TARGETED_DEVICE_FAMILY = "1,2";
			};
			name = Debug;
		};
		4B5C57F225D6E0D6002DA507 /* Release */ = {
			isa = XCBuildConfiguration;
			buildSettings = {
				ASSETCATALOG_COMPILER_APPICON_NAME = AppIcon;
				ASSETCATALOG_COMPILER_GLOBAL_ACCENT_COLOR_NAME = AccentColor;
				CODE_SIGN_ENTITLEMENTS = GPSLocation/GPSLocation.entitlements;
				CODE_SIGN_STYLE = Automatic;
				DEVELOPMENT_TEAM = LX6HN92HPR;
				INFOPLIST_FILE = GPSLocation/Info.plist;
				IPHONEOS_DEPLOYMENT_TARGET = 14.1;
				LD_RUNPATH_SEARCH_PATHS = (
					"$(inherited)",
					"@executable_path/Frameworks",
				);
				PRODUCT_BUNDLE_IDENTIFIER = com.kous92.GPSLocation;
				PRODUCT_NAME = "$(TARGET_NAME)";
				SWIFT_VERSION = 5.0;
				TARGETED_DEVICE_FAMILY = "1,2";
			};
			name = Release;
		};
/* End XCBuildConfiguration section */

/* Begin XCConfigurationList section */
		4B5C57D725D6E0D5002DA507 /* Build configuration list for PBXProject "GPSLocation" */ = {
			isa = XCConfigurationList;
			buildConfigurations = (
				4B5C57EE25D6E0D6002DA507 /* Debug */,
				4B5C57EF25D6E0D6002DA507 /* Release */,
			);
			defaultConfigurationIsVisible = 0;
			defaultConfigurationName = Release;
		};
		4B5C57F025D6E0D6002DA507 /* Build configuration list for PBXNativeTarget "GPSLocation" */ = {
			isa = XCConfigurationList;
			buildConfigurations = (
				4B5C57F125D6E0D6002DA507 /* Debug */,
				4B5C57F225D6E0D6002DA507 /* Release */,
			);
			defaultConfigurationIsVisible = 0;
			defaultConfigurationName = Release;
		};
/* End XCConfigurationList section */
	};
	rootObject = 4B5C57D425D6E0D5002DA507 /* Project object */;
}
